<?xml version="1.0" encoding="utf-8"?>
<Project ToolsVersion="4.0" xmlns="http://schemas.microsoft.com/developer/msbuild/2003">
  <ItemGroup>
    <Filter Include="FFTL">
      <UniqueIdentifier>{3adde40b-f10b-46f7-8005-e30ab2c4381c}</UniqueIdentifier>
    </Filter>
    <Filter Include="kiss_fft130">
      <UniqueIdentifier>{41208f30-d1c6-40d7-933b-7de9ad9e0cd6}</UniqueIdentifier>
    </Filter>
    <Filter Include="FFTL\SSE">
      <UniqueIdentifier>{2c5397d9-54ba-4feb-a98d-cf2818d324c2}</UniqueIdentifier>
    </Filter>
    <Filter Include="FFTL\Default">
      <UniqueIdentifier>{6413762c-7bc6-4330-950a-b9390728c79d}</UniqueIdentifier>
    </Filter>
    <Filter Include="FFTL\NEON">
      <UniqueIdentifier>{8a83a663-d00a-457c-acf2-2da75f7c797a}</UniqueIdentifier>
    </Filter>
  </ItemGroup>
  <ItemGroup>
    <ClInclude Include="FFTL\ComplexNumber.h">
      <Filter>FFTL</Filter>
    </ClInclude>
    <ClInclude Include="FFTL\defs.h">
      <Filter>FFTL</Filter>
    </ClInclude>
    <ClInclude Include="FFTL\fft.h">
      <Filter>FFTL</Filter>
    </ClInclude>
    <ClInclude Include="FFTL\Math.h">
      <Filter>FFTL</Filter>
    </ClInclude>
    <ClInclude Include="kiss_fft130\_kiss_fft_guts.h">
      <Filter>kiss_fft130</Filter>
    </ClInclude>
    <ClInclude Include="kiss_fft130\kiss_fft.h">
      <Filter>kiss_fft130</Filter>
    </ClInclude>
    <ClInclude Include="kiss_fft130\kiss_fftr.h">
      <Filter>kiss_fft130</Filter>
    </ClInclude>
    <ClInclude Include="FFTL\Containers\Array.h" />
    <ClInclude Include="FFTL\Containers\List.h" />
  </ItemGroup>
  <ItemGroup>
    <None Include="FFTL\fft.inl">
      <Filter>FFTL</Filter>
    </None>
    <None Include="kiss_fft130\kissfft.hh">
      <Filter>kiss_fft130</Filter>
    </None>
    <None Include="FFTL\SSE\Math_avx.inl">
      <Filter>FFTL\SSE</Filter>
    </None>
    <None Include="FFTL\SSE\Math_sse2.inl">
      <Filter>FFTL\SSE</Filter>
    </None>
    <None Include="FFTL\Default\Math_default.inl">
      <Filter>FFTL\Default</Filter>
    </None>
    <None Include="FFTL\Default\Math_vec8_default.inl">
      <Filter>FFTL\Default</Filter>
    </None>
    <None Include="FFTL\NEON\Math_NEON.inl">
      <Filter>FFTL\NEON</Filter>
    </None>
  </ItemGroup>
  <ItemGroup>
    <ClCompile Include="test.cpp" />
    <ClCompile Include="kiss_fft130\kiss_fft.c">
      <Filter>kiss_fft130</Filter>
    </ClCompile>
    <ClCompile Include="kiss_fft130\kiss_fftr.c">
      <Filter>kiss_fft130</Filter>
    </ClCompile>
  </ItemGroup>
</Project>