
Microsoft Visual Studio Solution File, Format Version 12.00
# Visual Studio 15
VisualStudioVersion = 15.0.27130.2027
MinimumVisualStudioVersion = 10.0.40219.1
Project("{8BC9CEB8-8B4A-11D0-8D11-00A0C91BC942}") = "Core", "Core\Core.vcxitems", "{45D41ACC-2C3C-43D2-BC10-02AA73FFC7C7}"
EndProject
Project("{8BC9CEB8-8B4A-11D0-8D11-00A0C91BC942}") = "FFTL_Test", "FFTL_Test\FFTL_Test.vcxitems", "{0F04AE99-3065-4FC3-BD41-B6D703258A2C}"
EndProject
Project("{8BC9CEB8-8B4A-11D0-8D11-00A0C91BC942}") = "FFTL_Test_Windows", "FFTL_Test\Windows\FFTL_Test_Windows.vcxproj", "{5F43A53E-B7B5-4B05-AA1C-20BBF546E15C}"
EndProject
Project("{2150E333-8FDC-42A3-9474-1A3956D46DE8}") = "Test", "Test", "{3BA654E9-BE16-4A5C-9052-55F166DBAED7}"
EndProject
Project("{2150E333-8FDC-42A3-9474-1A3956D46DE8}") = "Android", "Android", "{66E2BCC6-3D88-4890-843C-5FFECF08591D}"
EndProject
Project("{8BC9CEB8-8B4A-11D0-8D11-00A0C91BC942}") = "FFTL_Test_Android.NativeActivity", "FFTL_Test\Android\FFTL_Test_Android.NativeActivity.vcxproj", "{BA91C664-4374-4A3A-8523-8FB83E27BF68}"
EndProject
Project("{39E2626F-3545-4960-A6E8-258AD8476CE5}") = "FFTL_Test_Android.Packaging", "FFTL_Test\Android\FFTL_Test_Android.Packaging.androidproj", "{A9E40557-042E-40C9-86D4-42F03B623E07}"
EndProject
Project("{2150E333-8FDC-42A3-9474-1A3956D46DE8}") = "Windows", "Windows", "{1642CA72-D68E-45B3-933D-17662BE5CB77}"
EndProject
Project("{2150E333-8FDC-42A3-9474-1A3956D46DE8}") = "Orbis", "Orbis", "{08A20EBD-F713-4AA2-B756-D3D55BB79D14}"
EndProject
Project("{8BC9CEB8-8B4A-11D0-8D11-00A0C91BC942}") = "FFTL_Test_Orbis", "FFTL_Test\Orbis\FFTL_Test_Orbis.vcxproj", "{483E139F-AAD9-4DE1-8873-1814F452769D}"
EndProject
Global
	GlobalSection(SharedMSBuildProjectFiles) = preSolution
		FFTL_Test\FFTL_Test.vcxitems*{0f04ae99-3065-4fc3-bd41-b6d703258a2c}*SharedItemsImports = 9
		Core\Core.vcxitems*{45d41acc-2c3c-43d2-bc10-02aa73ffc7c7}*SharedItemsImports = 9
		Core\Core.vcxitems*{483e139f-aad9-4de1-8873-1814f452769d}*SharedItemsImports = 4
		FFTL_Test\FFTL_Test.vcxitems*{483e139f-aad9-4de1-8873-1814f452769d}*SharedItemsImports = 4
		Core\Core.vcxitems*{5f43a53e-b7b5-4b05-aa1c-20bbf546e15c}*SharedItemsImports = 4
		FFTL_Test\FFTL_Test.vcxitems*{5f43a53e-b7b5-4b05-aa1c-20bbf546e15c}*SharedItemsImports = 4
		Core\Core.vcxitems*{ba91c664-4374-4a3a-8523-8fb83e27bf68}*SharedItemsImports = 4
		FFTL_Test\FFTL_Test.vcxitems*{ba91c664-4374-4a3a-8523-8fb83e27bf68}*SharedItemsImports = 4
	EndGlobalSection
	GlobalSection(SolutionConfigurationPlatforms) = preSolution
		Debug|ARM = Debug|ARM
		Debug|ARM64 = Debug|ARM64
		Debug|Durango = Debug|Durango
		Debug|ORBIS = Debug|ORBIS
		Debug|x64 = Debug|x64
		Debug|x86 = Debug|x86
		Release|ARM = Release|ARM
		Release|ARM64 = Release|ARM64
		Release|Durango = Release|Durango
		Release|ORBIS = Release|ORBIS
		Release|x64 = Release|x64
		Release|x86 = Release|x86
	EndGlobalSection
	GlobalSection(ProjectConfigurationPlatforms) = postSolution
		{5F43A53E-B7B5-4B05-AA1C-20BBF546E15C}.Debug|ARM.ActiveCfg = Debug|Win32
		{5F43A53E-B7B5-4B05-AA1C-20BBF546E15C}.Debug|ARM64.ActiveCfg = Debug|Win32
		{5F43A53E-B7B5-4B05-AA1C-20BBF546E15C}.Debug|Durango.ActiveCfg = Debug|x64
		{5F43A53E-B7B5-4B05-AA1C-20BBF546E15C}.Debug|ORBIS.ActiveCfg = Debug|x64
		{5F43A53E-B7B5-4B05-AA1C-20BBF546E15C}.Debug|x64.ActiveCfg = Debug|x64
		{5F43A53E-B7B5-4B05-AA1C-20BBF546E15C}.Debug|x64.Build.0 = Debug|x64
		{5F43A53E-B7B5-4B05-AA1C-20BBF546E15C}.Debug|x86.ActiveCfg = Debug|Win32
		{5F43A53E-B7B5-4B05-AA1C-20BBF546E15C}.Debug|x86.Build.0 = Debug|Win32
		{5F43A53E-B7B5-4B05-AA1C-20BBF546E15C}.Release|ARM.ActiveCfg = Release|Win32
		{5F43A53E-B7B5-4B05-AA1C-20BBF546E15C}.Release|ARM64.ActiveCfg = Release|Win32
		{5F43A53E-B7B5-4B05-AA1C-20BBF546E15C}.Release|Durango.ActiveCfg = Release|Win32
		{5F43A53E-B7B5-4B05-AA1C-20BBF546E15C}.Release|ORBIS.ActiveCfg = Release|Win32
		{5F43A53E-B7B5-4B05-AA1C-20BBF546E15C}.Release|x64.ActiveCfg = Release|x64
		{5F43A53E-B7B5-4B05-AA1C-20BBF546E15C}.Release|x64.Build.0 = Release|x64
		{5F43A53E-B7B5-4B05-AA1C-20BBF546E15C}.Release|x86.ActiveCfg = Release|Win32
		{5F43A53E-B7B5-4B05-AA1C-20BBF546E15C}.Release|x86.Build.0 = Release|Win32
		{BA91C664-4374-4A3A-8523-8FB83E27BF68}.Debug|ARM.ActiveCfg = Debug|ARM
		{BA91C664-4374-4A3A-8523-8FB83E27BF68}.Debug|ARM.Build.0 = Debug|ARM
		{BA91C664-4374-4A3A-8523-8FB83E27BF68}.Debug|ARM64.ActiveCfg = Debug|ARM64
		{BA91C664-4374-4A3A-8523-8FB83E27BF68}.Debug|ARM64.Build.0 = Debug|ARM64
		{BA91C664-4374-4A3A-8523-8FB83E27BF68}.Debug|Durango.ActiveCfg = Debug|x86
		{BA91C664-4374-4A3A-8523-8FB83E27BF68}.Debug|ORBIS.ActiveCfg = Debug|x86
		{BA91C664-4374-4A3A-8523-8FB83E27BF68}.Debug|x64.ActiveCfg = Debug|x64
		{BA91C664-4374-4A3A-8523-8FB83E27BF68}.Debug|x64.Build.0 = Debug|x64
		{BA91C664-4374-4A3A-8523-8FB83E27BF68}.Debug|x86.ActiveCfg = Debug|x86
		{BA91C664-4374-4A3A-8523-8FB83E27BF68}.Debug|x86.Build.0 = Debug|x86
		{BA91C664-4374-4A3A-8523-8FB83E27BF68}.Release|ARM.ActiveCfg = Release|ARM
		{BA91C664-4374-4A3A-8523-8FB83E27BF68}.Release|ARM.Build.0 = Release|ARM
		{BA91C664-4374-4A3A-8523-8FB83E27BF68}.Release|ARM64.ActiveCfg = Release|ARM64
		{BA91C664-4374-4A3A-8523-8FB83E27BF68}.Release|ARM64.Build.0 = Release|ARM64
		{BA91C664-4374-4A3A-8523-8FB83E27BF68}.Release|Durango.ActiveCfg = Release|x86
		{BA91C664-4374-4A3A-8523-8FB83E27BF68}.Release|ORBIS.ActiveCfg = Release|x86
		{BA91C664-4374-4A3A-8523-8FB83E27BF68}.Release|x64.ActiveCfg = Release|x64
		{BA91C664-4374-4A3A-8523-8FB83E27BF68}.Release|x86.ActiveCfg = Release|x86
		{A9E40557-042E-40C9-86D4-42F03B623E07}.Debug|ARM.ActiveCfg = Debug|ARM
		{A9E40557-042E-40C9-86D4-42F03B623E07}.Debug|ARM.Build.0 = Debug|ARM
		{A9E40557-042E-40C9-86D4-42F03B623E07}.Debug|ARM.Deploy.0 = Debug|ARM
		{A9E40557-042E-40C9-86D4-42F03B623E07}.Debug|ARM64.ActiveCfg = Debug|ARM64
		{A9E40557-042E-40C9-86D4-42F03B623E07}.Debug|ARM64.Build.0 = Debug|ARM64
		{A9E40557-042E-40C9-86D4-42F03B623E07}.Debug|ARM64.Deploy.0 = Debug|ARM64
		{A9E40557-042E-40C9-86D4-42F03B623E07}.Debug|Durango.ActiveCfg = Debug|x86
		{A9E40557-042E-40C9-86D4-42F03B623E07}.Debug|ORBIS.ActiveCfg = Debug|ARM64
		{A9E40557-042E-40C9-86D4-42F03B623E07}.Debug|x64.ActiveCfg = Debug|x64
		{A9E40557-042E-40C9-86D4-42F03B623E07}.Debug|x64.Build.0 = Debug|x64
		{A9E40557-042E-40C9-86D4-42F03B623E07}.Debug|x86.ActiveCfg = Debug|x86
		{A9E40557-042E-40C9-86D4-42F03B623E07}.Debug|x86.Build.0 = Debug|x86
		{A9E40557-042E-40C9-86D4-42F03B623E07}.Release|ARM.ActiveCfg = Release|ARM
		{A9E40557-042E-40C9-86D4-42F03B623E07}.Release|ARM.Build.0 = Release|ARM
		{A9E40557-042E-40C9-86D4-42F03B623E07}.Release|ARM.Deploy.0 = Release|ARM
		{A9E40557-042E-40C9-86D4-42F03B623E07}.Release|ARM64.ActiveCfg = Release|ARM64
		{A9E40557-042E-40C9-86D4-42F03B623E07}.Release|ARM64.Build.0 = Release|ARM64
		{A9E40557-042E-40C9-86D4-42F03B623E07}.Release|ARM64.Deploy.0 = Release|ARM64
		{A9E40557-042E-40C9-86D4-42F03B623E07}.Release|Durango.ActiveCfg = Release|x86
		{A9E40557-042E-40C9-86D4-42F03B623E07}.Release|ORBIS.ActiveCfg = Release|ARM64
		{A9E40557-042E-40C9-86D4-42F03B623E07}.Release|x64.ActiveCfg = Release|x64
		{A9E40557-042E-40C9-86D4-42F03B623E07}.Release|x86.ActiveCfg = Release|x86
		{483E139F-AAD9-4DE1-8873-1814F452769D}.Debug|ARM.ActiveCfg = Debug|ORBIS
		{483E139F-AAD9-4DE1-8873-1814F452769D}.Debug|ARM64.ActiveCfg = Debug|ORBIS
		{483E139F-AAD9-4DE1-8873-1814F452769D}.Debug|Durango.ActiveCfg = Debug|ORBIS
		{483E139F-AAD9-4DE1-8873-1814F452769D}.Debug|ORBIS.ActiveCfg = Debug|ORBIS
		{483E139F-AAD9-4DE1-8873-1814F452769D}.Debug|ORBIS.Build.0 = Debug|ORBIS
		{483E139F-AAD9-4DE1-8873-1814F452769D}.Debug|x64.ActiveCfg = Debug|ORBIS
		{483E139F-AAD9-4DE1-8873-1814F452769D}.Debug|x86.ActiveCfg = Debug|ORBIS
		{483E139F-AAD9-4DE1-8873-1814F452769D}.Release|ARM.ActiveCfg = Release|ORBIS
		{483E139F-AAD9-4DE1-8873-1814F452769D}.Release|ARM64.ActiveCfg = Release|ORBIS
		{483E139F-AAD9-4DE1-8873-1814F452769D}.Release|Durango.ActiveCfg = Release|ORBIS
		{483E139F-AAD9-4DE1-8873-1814F452769D}.Release|ORBIS.ActiveCfg = Release|ORBIS
		{483E139F-AAD9-4DE1-8873-1814F452769D}.Release|ORBIS.Build.0 = Release|ORBIS
		{483E139F-AAD9-4DE1-8873-1814F452769D}.Release|x64.ActiveCfg = Release|ORBIS
		{483E139F-AAD9-4DE1-8873-1814F452769D}.Release|x86.ActiveCfg = Release|ORBIS
	EndGlobalSection
	GlobalSection(SolutionProperties) = preSolution
		HideSolutionNode = FALSE
	EndGlobalSection
	GlobalSection(NestedProjects) = preSolution
		{0F04AE99-3065-4FC3-BD41-B6D703258A2C} = {3BA654E9-BE16-4A5C-9052-55F166DBAED7}
		{5F43A53E-B7B5-4B05-AA1C-20BBF546E15C} = {1642CA72-D68E-45B3-933D-17662BE5CB77}
		{66E2BCC6-3D88-4890-843C-5FFECF08591D} = {3BA654E9-BE16-4A5C-9052-55F166DBAED7}
		{BA91C664-4374-4A3A-8523-8FB83E27BF68} = {66E2BCC6-3D88-4890-843C-5FFECF08591D}
		{A9E40557-042E-40C9-86D4-42F03B623E07} = {66E2BCC6-3D88-4890-843C-5FFECF08591D}
		{1642CA72-D68E-45B3-933D-17662BE5CB77} = {3BA654E9-BE16-4A5C-9052-55F166DBAED7}
		{08A20EBD-F713-4AA2-B756-D3D55BB79D14} = {3BA654E9-BE16-4A5C-9052-55F166DBAED7}
		{483E139F-AAD9-4DE1-8873-1814F452769D} = {08A20EBD-F713-4AA2-B756-D3D55BB79D14}
	EndGlobalSection
	GlobalSection(ExtensibilityGlobals) = postSolution
		SolutionGuid = {99740D4E-F06B-4A3D-B0CD-229F881EFD06}
	EndGlobalSection
EndGlobal
