<?xml version="1.0" encoding="utf-8"?>
<Project ToolsVersion="4.0" xmlns="http://schemas.microsoft.com/developer/msbuild/2003">
  <ItemGroup>
    <Filter Include="kiss_fft130">
      <UniqueIdentifier>{34766fbb-388d-4d6c-9d12-0d9625ed3e09}</UniqueIdentifier>
    </Filter>
  </ItemGroup>
  <ItemGroup>
    <ClCompile Include="$(MSBuildThisFileDirectory)..\..\Source\UnitTest\kiss_fft130\kiss_fft.c">
      <Filter>kiss_fft130</Filter>
    </ClCompile>
    <ClCompile Include="$(MSBuildThisFileDirectory)..\..\Source\UnitTest\kiss_fft130\kiss_fftr.c">
      <Filter>kiss_fft130</Filter>
    </ClCompile>
    <ClCompile Include="$(MSBuildThisFileDirectory)..\..\Source\UnitTest\kiss_fft130\kiss_all.cpp">
      <Filter>kiss_fft130</Filter>
    </ClCompile>
    <ClCompile Include="$(MSBuildThisFileDirectory)..\..\Source\UnitTest\test.cpp" />
  </ItemGroup>
  <ItemGroup>
    <ClInclude Include="$(MSBuildThisFileDirectory)..\..\Source\UnitTest\kiss_fft130\kissfft.hh">
      <Filter>kiss_fft130</Filter>
    </ClInclude>
    <ClInclude Include="$(MSBuildThisFileDirectory)..\..\Source\UnitTest\kiss_fft130\kiss_fft.h">
      <Filter>kiss_fft130</Filter>
    </ClInclude>
    <ClInclude Include="$(MSBuildThisFileDirectory)..\..\Source\UnitTest\kiss_fft130\kiss_fftr.h">
      <Filter>kiss_fft130</Filter>
    </ClInclude>
    <ClInclude Include="$(MSBuildThisFileDirectory)..\..\Source\UnitTest\kiss_fft130\_kiss_fft_guts.h">
      <Filter>kiss_fft130</Filter>
    </ClInclude>
    <ClInclude Include="$(MSBuildThisFileDirectory)..\..\Source\UnitTest\rlutil.h" />
    <ClInclude Include="$(MSBuildThisFileDirectory)..\..\Source\UnitTest\test.h" />
  </ItemGroup>
</Project>